// !$*UTF8*$!
{
	archiveVersion = 1;
	classes = {
	};
	objectVersion = 54;
	objects = {

/* Begin PBXBuildFile section */
		C7E1263027239F7E0000DB8B /* main.swift in Sources */ = {isa = PBXBuildFile; fileRef = C7E1262F27239F7E0000DB8B /* main.swift */; };
		E26B5BE6272E541100F3DAC9 /* ExpressionUnitCalculator.swift in Sources */ = {isa = PBXBuildFile; fileRef = E26B5BE5272E541100F3DAC9 /* ExpressionUnitCalculator.swift */; };
		E26B5BE7272E541100F3DAC9 /* ExpressionUnitCalculator.swift in Sources */ = {isa = PBXBuildFile; fileRef = E26B5BE5272E541100F3DAC9 /* ExpressionUnitCalculator.swift */; };
		E26B5BE9272E900300F3DAC9 /* ExpressionStringParser.swift in Sources */ = {isa = PBXBuildFile; fileRef = E26B5BE8272E900300F3DAC9 /* ExpressionStringParser.swift */; };
		E26B5BEA272E900300F3DAC9 /* ExpressionStringParser.swift in Sources */ = {isa = PBXBuildFile; fileRef = E26B5BE8272E900300F3DAC9 /* ExpressionStringParser.swift */; };
		E26B5BEC272E901900F3DAC9 /* ExpressionCalculator.swift in Sources */ = {isa = PBXBuildFile; fileRef = E26B5BEB272E901900F3DAC9 /* ExpressionCalculator.swift */; };
		E26B5BED272E901900F3DAC9 /* ExpressionCalculator.swift in Sources */ = {isa = PBXBuildFile; fileRef = E26B5BEB272E901900F3DAC9 /* ExpressionCalculator.swift */; };
		E26B5BEF272E906B00F3DAC9 /* ExpressionInputError.swift in Sources */ = {isa = PBXBuildFile; fileRef = E26B5BEE272E906B00F3DAC9 /* ExpressionInputError.swift */; };
		E26B5BF0272E906B00F3DAC9 /* ExpressionInputError.swift in Sources */ = {isa = PBXBuildFile; fileRef = E26B5BEE272E906B00F3DAC9 /* ExpressionInputError.swift */; };
		E26B5BF5272E967500F3DAC9 /* ExpressionStringParserTests.swift in Sources */ = {isa = PBXBuildFile; fileRef = E26B5BF4272E967500F3DAC9 /* ExpressionStringParserTests.swift */; };
		E288CC7E27301087005DDEF8 /* ExpressionUnitCalculatorTests.swift in Sources */ = {isa = PBXBuildFile; fileRef = E288CC7D27301087005DDEF8 /* ExpressionUnitCalculatorTests.swift */; };
		E288CC8027301B7E005DDEF8 /* ExpressionCalculatorTests.swift in Sources */ = {isa = PBXBuildFile; fileRef = E288CC7F27301B7E005DDEF8 /* ExpressionCalculatorTests.swift */; };
		E2B5B57A273AC7A300226684 /* Position.swift in Sources */ = {isa = PBXBuildFile; fileRef = E2B5B579273AC7A300226684 /* Position.swift */; };
		E2B5B57C273AC7B800226684 /* RacingCarDriver.swift in Sources */ = {isa = PBXBuildFile; fileRef = E2B5B57B273AC7B800226684 /* RacingCarDriver.swift */; };
		E2B5B57D273AC7BB00226684 /* RacingCarDriver.swift in Sources */ = {isa = PBXBuildFile; fileRef = E2B5B57B273AC7B800226684 /* RacingCarDriver.swift */; };
		E2B5B57E273AC7BD00226684 /* Position.swift in Sources */ = {isa = PBXBuildFile; fileRef = E2B5B579273AC7A300226684 /* Position.swift */; };
		E2B5B580273AC7DA00226684 /* MoveChecker.swift in Sources */ = {isa = PBXBuildFile; fileRef = E2B5B57F273AC7DA00226684 /* MoveChecker.swift */; };
		E2B5B582273AC7EF00226684 /* RacingCarGame.swift in Sources */ = {isa = PBXBuildFile; fileRef = E2B5B581273AC7EF00226684 /* RacingCarGame.swift */; };
		E2B5B583273AC7EF00226684 /* RacingCarGame.swift in Sources */ = {isa = PBXBuildFile; fileRef = E2B5B581273AC7EF00226684 /* RacingCarGame.swift */; };
		E2B5B586273AC80A00226684 /* InputView.swift in Sources */ = {isa = PBXBuildFile; fileRef = E2B5B585273AC80A00226684 /* InputView.swift */; };
		E2B5B587273AC80A00226684 /* InputView.swift in Sources */ = {isa = PBXBuildFile; fileRef = E2B5B585273AC80A00226684 /* InputView.swift */; };
		E2B5B589273AC81800226684 /* LabelView.swift in Sources */ = {isa = PBXBuildFile; fileRef = E2B5B588273AC81800226684 /* LabelView.swift */; };
		E2B5B58A273AC81800226684 /* LabelView.swift in Sources */ = {isa = PBXBuildFile; fileRef = E2B5B588273AC81800226684 /* LabelView.swift */; };
		E2B5B58C273AC83700226684 /* RacingCarGameController.swift in Sources */ = {isa = PBXBuildFile; fileRef = E2B5B58B273AC83700226684 /* RacingCarGameController.swift */; };
		E2B5B58D273AC83700226684 /* RacingCarGameController.swift in Sources */ = {isa = PBXBuildFile; fileRef = E2B5B58B273AC83700226684 /* RacingCarGameController.swift */; };
		E2B9E070273905BA0089907E /* RacingCar.swift in Sources */ = {isa = PBXBuildFile; fileRef = E2B9E06F273905BA0089907E /* RacingCar.swift */; };
		E2B9E0722739391D0089907E /* RacingCarTests.swift in Sources */ = {isa = PBXBuildFile; fileRef = E2B9E0712739391D0089907E /* RacingCarTests.swift */; };
		E2B9E0732739395B0089907E /* RacingCar.swift in Sources */ = {isa = PBXBuildFile; fileRef = E2B9E06F273905BA0089907E /* RacingCar.swift */; };
		E2B9E075273945F80089907E /* PositionTests.swift in Sources */ = {isa = PBXBuildFile; fileRef = E2B9E074273945F80089907E /* PositionTests.swift */; };
		E2B9E077273946240089907E /* MoveCheckerTests.swift in Sources */ = {isa = PBXBuildFile; fileRef = E2B9E076273946240089907E /* MoveCheckerTests.swift */; };
		E2B9E079273946B30089907E /* RacingCarDriverTests.swift in Sources */ = {isa = PBXBuildFile; fileRef = E2B9E078273946B30089907E /* RacingCarDriverTests.swift */; };
		E2D09D8F27282B7700A846D8 /* StringTests.swift in Sources */ = {isa = PBXBuildFile; fileRef = E2D09D8E27282B7700A846D8 /* StringTests.swift */; };
		E2D09D9327282B8E00A846D8 /* main.swift in Sources */ = {isa = PBXBuildFile; fileRef = C7E1262F27239F7E0000DB8B /* main.swift */; };
		E2D09D9527283A4C00A846D8 /* SetTests.swift in Sources */ = {isa = PBXBuildFile; fileRef = E2D09D9427283A4C00A846D8 /* SetTests.swift */; };
		E2E37656273E73F1003C960A /* MoveChecker.swift in Sources */ = {isa = PBXBuildFile; fileRef = E2B5B57F273AC7DA00226684 /* MoveChecker.swift */; };
		E2E37658273E74C2003C960A /* RandomNumber.swift in Sources */ = {isa = PBXBuildFile; fileRef = E2E37657273E74C2003C960A /* RandomNumber.swift */; };
		E2E37659273E74C2003C960A /* RandomNumber.swift in Sources */ = {isa = PBXBuildFile; fileRef = E2E37657273E74C2003C960A /* RandomNumber.swift */; };
		E2E3765E273E79D0003C960A /* RacingCarGameTests.swift in Sources */ = {isa = PBXBuildFile; fileRef = E2E3765D273E79D0003C960A /* RacingCarGameTests.swift */; };
/* End PBXBuildFile section */

/* Begin PBXCopyFilesBuildPhase section */
		C7E1262A27239F7E0000DB8B /* CopyFiles */ = {
			isa = PBXCopyFilesBuildPhase;
			buildActionMask = 2147483647;
			dstPath = /usr/share/man/man1/;
			dstSubfolderSpec = 0;
			files = (
			);
			runOnlyForDeploymentPostprocessing = 1;
		};
/* End PBXCopyFilesBuildPhase section */

/* Begin PBXFileReference section */
		C7E1262C27239F7E0000DB8B /* RacingCar */ = {isa = PBXFileReference; explicitFileType = "compiled.mach-o.executable"; includeInIndex = 0; path = RacingCar; sourceTree = BUILT_PRODUCTS_DIR; };
		C7E1262F27239F7E0000DB8B /* main.swift */ = {isa = PBXFileReference; lastKnownFileType = sourcecode.swift; path = main.swift; sourceTree = "<group>"; };
		E26B5BE5272E541100F3DAC9 /* ExpressionUnitCalculator.swift */ = {isa = PBXFileReference; lastKnownFileType = sourcecode.swift; path = ExpressionUnitCalculator.swift; sourceTree = "<group>"; };
		E26B5BE8272E900300F3DAC9 /* ExpressionStringParser.swift */ = {isa = PBXFileReference; lastKnownFileType = sourcecode.swift; path = ExpressionStringParser.swift; sourceTree = "<group>"; };
		E26B5BEB272E901900F3DAC9 /* ExpressionCalculator.swift */ = {isa = PBXFileReference; lastKnownFileType = sourcecode.swift; path = ExpressionCalculator.swift; sourceTree = "<group>"; };
		E26B5BEE272E906B00F3DAC9 /* ExpressionInputError.swift */ = {isa = PBXFileReference; lastKnownFileType = sourcecode.swift; path = ExpressionInputError.swift; sourceTree = "<group>"; };
		E26B5BF4272E967500F3DAC9 /* ExpressionStringParserTests.swift */ = {isa = PBXFileReference; lastKnownFileType = sourcecode.swift; path = ExpressionStringParserTests.swift; sourceTree = "<group>"; };
		E288CC7D27301087005DDEF8 /* ExpressionUnitCalculatorTests.swift */ = {isa = PBXFileReference; lastKnownFileType = sourcecode.swift; path = ExpressionUnitCalculatorTests.swift; sourceTree = "<group>"; };
		E288CC7F27301B7E005DDEF8 /* ExpressionCalculatorTests.swift */ = {isa = PBXFileReference; lastKnownFileType = sourcecode.swift; path = ExpressionCalculatorTests.swift; sourceTree = "<group>"; };
		E2B5B579273AC7A300226684 /* Position.swift */ = {isa = PBXFileReference; lastKnownFileType = sourcecode.swift; path = Position.swift; sourceTree = "<group>"; };
		E2B5B57B273AC7B800226684 /* RacingCarDriver.swift */ = {isa = PBXFileReference; lastKnownFileType = sourcecode.swift; path = RacingCarDriver.swift; sourceTree = "<group>"; };
		E2B5B57F273AC7DA00226684 /* MoveChecker.swift */ = {isa = PBXFileReference; lastKnownFileType = sourcecode.swift; path = MoveChecker.swift; sourceTree = "<group>"; };
		E2B5B581273AC7EF00226684 /* RacingCarGame.swift */ = {isa = PBXFileReference; lastKnownFileType = sourcecode.swift; path = RacingCarGame.swift; sourceTree = "<group>"; };
		E2B5B585273AC80A00226684 /* InputView.swift */ = {isa = PBXFileReference; lastKnownFileType = sourcecode.swift; path = InputView.swift; sourceTree = "<group>"; };
		E2B5B588273AC81800226684 /* LabelView.swift */ = {isa = PBXFileReference; lastKnownFileType = sourcecode.swift; path = LabelView.swift; sourceTree = "<group>"; };
		E2B5B58B273AC83700226684 /* RacingCarGameController.swift */ = {isa = PBXFileReference; lastKnownFileType = sourcecode.swift; path = RacingCarGameController.swift; sourceTree = "<group>"; };
		E2B9E06F273905BA0089907E /* RacingCar.swift */ = {isa = PBXFileReference; lastKnownFileType = sourcecode.swift; path = RacingCar.swift; sourceTree = "<group>"; };
		E2B9E0712739391D0089907E /* RacingCarTests.swift */ = {isa = PBXFileReference; lastKnownFileType = sourcecode.swift; path = RacingCarTests.swift; sourceTree = "<group>"; };
		E2B9E074273945F80089907E /* PositionTests.swift */ = {isa = PBXFileReference; lastKnownFileType = sourcecode.swift; path = PositionTests.swift; sourceTree = "<group>"; };
		E2B9E076273946240089907E /* MoveCheckerTests.swift */ = {isa = PBXFileReference; lastKnownFileType = sourcecode.swift; path = MoveCheckerTests.swift; sourceTree = "<group>"; };
		E2B9E078273946B30089907E /* RacingCarDriverTests.swift */ = {isa = PBXFileReference; lastKnownFileType = sourcecode.swift; path = RacingCarDriverTests.swift; sourceTree = "<group>"; };
		E2D09D8C27282B7700A846D8 /* RacingCarTests.xctest */ = {isa = PBXFileReference; explicitFileType = wrapper.cfbundle; includeInIndex = 0; path = RacingCarTests.xctest; sourceTree = BUILT_PRODUCTS_DIR; };
		E2D09D8E27282B7700A846D8 /* StringTests.swift */ = {isa = PBXFileReference; lastKnownFileType = sourcecode.swift; path = StringTests.swift; sourceTree = "<group>"; };
		E2D09D9427283A4C00A846D8 /* SetTests.swift */ = {isa = PBXFileReference; lastKnownFileType = sourcecode.swift; path = SetTests.swift; sourceTree = "<group>"; };
		E2E37657273E74C2003C960A /* RandomNumber.swift */ = {isa = PBXFileReference; lastKnownFileType = sourcecode.swift; path = RandomNumber.swift; sourceTree = "<group>"; };
		E2E3765D273E79D0003C960A /* RacingCarGameTests.swift */ = {isa = PBXFileReference; lastKnownFileType = sourcecode.swift; path = RacingCarGameTests.swift; sourceTree = "<group>"; };
/* End PBXFileReference section */

/* Begin PBXFrameworksBuildPhase section */
		C7E1262927239F7E0000DB8B /* Frameworks */ = {
			isa = PBXFrameworksBuildPhase;
			buildActionMask = 2147483647;
			files = (
			);
			runOnlyForDeploymentPostprocessing = 0;
		};
		E2D09D8927282B7700A846D8 /* Frameworks */ = {
			isa = PBXFrameworksBuildPhase;
			buildActionMask = 2147483647;
			files = (
			);
			runOnlyForDeploymentPostprocessing = 0;
		};
/* End PBXFrameworksBuildPhase section */

/* Begin PBXGroup section */
		C7E1262327239F7E0000DB8B = {
			isa = PBXGroup;
			children = (
				C7E1262E27239F7E0000DB8B /* RacingCar */,
				E2D09D8D27282B7700A846D8 /* RacingCarTests */,
				C7E1262D27239F7E0000DB8B /* Products */,
			);
			sourceTree = "<group>";
		};
		C7E1262D27239F7E0000DB8B /* Products */ = {
			isa = PBXGroup;
			children = (
				C7E1262C27239F7E0000DB8B /* RacingCar */,
				E2D09D8C27282B7700A846D8 /* RacingCarTests.xctest */,
			);
			name = Products;
			sourceTree = "<group>";
		};
		C7E1262E27239F7E0000DB8B /* RacingCar */ = {
			isa = PBXGroup;
			children = (
				C7E1262F27239F7E0000DB8B /* main.swift */,
				E26B5BF1272E908900F3DAC9 /* Calculator */,
				E2B5B578273AC76300226684 /* RacingCar */,
			);
			path = RacingCar;
			sourceTree = "<group>";
		};
		E26B5BF1272E908900F3DAC9 /* Calculator */ = {
			isa = PBXGroup;
			children = (
				E26B5BE8272E900300F3DAC9 /* ExpressionStringParser.swift */,
				E26B5BEB272E901900F3DAC9 /* ExpressionCalculator.swift */,
				E26B5BE5272E541100F3DAC9 /* ExpressionUnitCalculator.swift */,
				E26B5BEE272E906B00F3DAC9 /* ExpressionInputError.swift */,
			);
			path = Calculator;
			sourceTree = "<group>";
		};
		E2B5B578273AC76300226684 /* RacingCar */ = {
			isa = PBXGroup;
			children = (
				E2B5B584273AC7FE00226684 /* UI */,
				E2B9E06F273905BA0089907E /* RacingCar.swift */,
				E2B5B579273AC7A300226684 /* Position.swift */,
				E2E37657273E74C2003C960A /* RandomNumber.swift */,
				E2B5B57F273AC7DA00226684 /* MoveChecker.swift */,
				E2B5B57B273AC7B800226684 /* RacingCarDriver.swift */,
				E2B5B581273AC7EF00226684 /* RacingCarGame.swift */,
				E2B5B58B273AC83700226684 /* RacingCarGameController.swift */,
			);
			path = RacingCar;
			sourceTree = "<group>";
		};
		E2B5B584273AC7FE00226684 /* UI */ = {
			isa = PBXGroup;
			children = (
				E2B5B585273AC80A00226684 /* InputView.swift */,
				E2B5B588273AC81800226684 /* LabelView.swift */,
			);
			path = UI;
			sourceTree = "<group>";
		};
		E2D09D8D27282B7700A846D8 /* RacingCarTests */ = {
			isa = PBXGroup;
			children = (
				E2D09D8E27282B7700A846D8 /* StringTests.swift */,
				E2D09D9427283A4C00A846D8 /* SetTests.swift */,
				E26B5BF4272E967500F3DAC9 /* ExpressionStringParserTests.swift */,
				E288CC7D27301087005DDEF8 /* ExpressionUnitCalculatorTests.swift */,
				E288CC7F27301B7E005DDEF8 /* ExpressionCalculatorTests.swift */,
				E2B9E0712739391D0089907E /* RacingCarTests.swift */,
				E2B9E074273945F80089907E /* PositionTests.swift */,
				E2B9E076273946240089907E /* MoveCheckerTests.swift */,
				E2B9E078273946B30089907E /* RacingCarDriverTests.swift */,
				E2E3765D273E79D0003C960A /* RacingCarGameTests.swift */,
			);
			path = RacingCarTests;
			sourceTree = "<group>";
		};
/* End PBXGroup section */

/* Begin PBXNativeTarget section */
		C7E1262B27239F7E0000DB8B /* RacingCar */ = {
			isa = PBXNativeTarget;
			buildConfigurationList = C7E1263327239F7E0000DB8B /* Build configuration list for PBXNativeTarget "RacingCar" */;
			buildPhases = (
				C7E1262827239F7E0000DB8B /* Sources */,
				C7E1262927239F7E0000DB8B /* Frameworks */,
				C7E1262A27239F7E0000DB8B /* CopyFiles */,
			);
			buildRules = (
			);
			dependencies = (
			);
			name = RacingCar;
			productName = RacingCar;
			productReference = C7E1262C27239F7E0000DB8B /* RacingCar */;
			productType = "com.apple.product-type.tool";
		};
		E2D09D8B27282B7700A846D8 /* RacingCarTests */ = {
			isa = PBXNativeTarget;
			buildConfigurationList = E2D09D9227282B7700A846D8 /* Build configuration list for PBXNativeTarget "RacingCarTests" */;
			buildPhases = (
				E2D09D8827282B7700A846D8 /* Sources */,
				E2D09D8927282B7700A846D8 /* Frameworks */,
				E2D09D8A27282B7700A846D8 /* Resources */,
			);
			buildRules = (
			);
			dependencies = (
			);
			name = RacingCarTests;
			productName = RacingCarTests;
			productReference = E2D09D8C27282B7700A846D8 /* RacingCarTests.xctest */;
			productType = "com.apple.product-type.bundle.unit-test";
		};
/* End PBXNativeTarget section */

/* Begin PBXProject section */
		C7E1262427239F7E0000DB8B /* Project object */ = {
			isa = PBXProject;
			attributes = {
				BuildIndependentTargetsInParallel = 1;
				LastSwiftUpdateCheck = 1300;
				LastUpgradeCheck = 1300;
				TargetAttributes = {
					C7E1262B27239F7E0000DB8B = {
						CreatedOnToolsVersion = 13.0;
					};
					E2D09D8B27282B7700A846D8 = {
						CreatedOnToolsVersion = 13.0;
					};
				};
			};
			buildConfigurationList = C7E1262727239F7E0000DB8B /* Build configuration list for PBXProject "RacingCar" */;
			compatibilityVersion = "Xcode 12.0";
			developmentRegion = en;
			hasScannedForEncodings = 0;
			knownRegions = (
				en,
				Base,
			);
			mainGroup = C7E1262327239F7E0000DB8B;
			productRefGroup = C7E1262D27239F7E0000DB8B /* Products */;
			projectDirPath = "";
			projectRoot = "";
			targets = (
				C7E1262B27239F7E0000DB8B /* RacingCar */,
				E2D09D8B27282B7700A846D8 /* RacingCarTests */,
			);
		};
/* End PBXProject section */

/* Begin PBXResourcesBuildPhase section */
		E2D09D8A27282B7700A846D8 /* Resources */ = {
			isa = PBXResourcesBuildPhase;
			buildActionMask = 2147483647;
			files = (
			);
			runOnlyForDeploymentPostprocessing = 0;
		};
/* End PBXResourcesBuildPhase section */

/* Begin PBXSourcesBuildPhase section */
		C7E1262827239F7E0000DB8B /* Sources */ = {
			isa = PBXSourcesBuildPhase;
			buildActionMask = 2147483647;
			files = (
				E2B5B57A273AC7A300226684 /* Position.swift in Sources */,
				C7E1263027239F7E0000DB8B /* main.swift in Sources */,
				E2B5B57C273AC7B800226684 /* RacingCarDriver.swift in Sources */,
				E2B5B580273AC7DA00226684 /* MoveChecker.swift in Sources */,
				E2B5B582273AC7EF00226684 /* RacingCarGame.swift in Sources */,
				E2B5B589273AC81800226684 /* LabelView.swift in Sources */,
				E26B5BE9272E900300F3DAC9 /* ExpressionStringParser.swift in Sources */,
				E2E37658273E74C2003C960A /* RandomNumber.swift in Sources */,
				E26B5BE6272E541100F3DAC9 /* ExpressionUnitCalculator.swift in Sources */,
				E26B5BEF272E906B00F3DAC9 /* ExpressionInputError.swift in Sources */,
				E2B5B586273AC80A00226684 /* InputView.swift in Sources */,
				E2B9E070273905BA0089907E /* RacingCar.swift in Sources */,
				E26B5BEC272E901900F3DAC9 /* ExpressionCalculator.swift in Sources */,
				E2B5B58C273AC83700226684 /* RacingCarGameController.swift in Sources */,
			);
			runOnlyForDeploymentPostprocessing = 0;
		};
		E2D09D8827282B7700A846D8 /* Sources */ = {
			isa = PBXSourcesBuildPhase;
			buildActionMask = 2147483647;
			files = (
				E288CC7E27301087005DDEF8 /* ExpressionUnitCalculatorTests.swift in Sources */,
				E288CC8027301B7E005DDEF8 /* ExpressionCalculatorTests.swift in Sources */,
				E2E3765E273E79D0003C960A /* RacingCarGameTests.swift in Sources */,
				E2B5B57D273AC7BB00226684 /* RacingCarDriver.swift in Sources */,
				E2B9E077273946240089907E /* MoveCheckerTests.swift in Sources */,
				E2B5B58D273AC83700226684 /* RacingCarGameController.swift in Sources */,
				E2B5B583273AC7EF00226684 /* RacingCarGame.swift in Sources */,
				E2B9E079273946B30089907E /* RacingCarDriverTests.swift in Sources */,
				E2D09D9327282B8E00A846D8 /* main.swift in Sources */,
				E2E37656273E73F1003C960A /* MoveChecker.swift in Sources */,
				E2B9E0722739391D0089907E /* RacingCarTests.swift in Sources */,
				E2B5B57E273AC7BD00226684 /* Position.swift in Sources */,
				E2B5B58A273AC81800226684 /* LabelView.swift in Sources */,
				E2B9E0732739395B0089907E /* RacingCar.swift in Sources */,
				E26B5BF5272E967500F3DAC9 /* ExpressionStringParserTests.swift in Sources */,
				E26B5BE7272E541100F3DAC9 /* ExpressionUnitCalculator.swift in Sources */,
				E2B5B587273AC80A00226684 /* InputView.swift in Sources */,
				E2E37659273E74C2003C960A /* RandomNumber.swift in Sources */,
				E2D09D9527283A4C00A846D8 /* SetTests.swift in Sources */,
				E26B5BEA272E900300F3DAC9 /* ExpressionStringParser.swift in Sources */,
				E2D09D8F27282B7700A846D8 /* StringTests.swift in Sources */,
				E26B5BF0272E906B00F3DAC9 /* ExpressionInputError.swift in Sources */,
				E2B9E075273945F80089907E /* PositionTests.swift in Sources */,
				E26B5BED272E901900F3DAC9 /* ExpressionCalculator.swift in Sources */,
			);
			runOnlyForDeploymentPostprocessing = 0;
		};
/* End PBXSourcesBuildPhase section */

/* Begin XCBuildConfiguration section */
		C7E1263127239F7E0000DB8B /* Debug */ = {
			isa = XCBuildConfiguration;
			buildSettings = {
				ALWAYS_SEARCH_USER_PATHS = NO;
				CLANG_ANALYZER_NONNULL = YES;
				CLANG_ANALYZER_NUMBER_OBJECT_CONVERSION = YES_AGGRESSIVE;
				CLANG_CXX_LANGUAGE_STANDARD = "gnu++17";
				CLANG_CXX_LIBRARY = "libc++";
				CLANG_ENABLE_MODULES = YES;
				CLANG_ENABLE_OBJC_ARC = YES;
				CLANG_ENABLE_OBJC_WEAK = YES;
				CLANG_WARN_BLOCK_CAPTURE_AUTORELEASING = YES;
				CLANG_WARN_BOOL_CONVERSION = YES;
				CLANG_WARN_COMMA = YES;
				CLANG_WARN_CONSTANT_CONVERSION = YES;
				CLANG_WARN_DEPRECATED_OBJC_IMPLEMENTATIONS = YES;
				CLANG_WARN_DIRECT_OBJC_ISA_USAGE = YES_ERROR;
				CLANG_WARN_DOCUMENTATION_COMMENTS = YES;
				CLANG_WARN_EMPTY_BODY = YES;
				CLANG_WARN_ENUM_CONVERSION = YES;
				CLANG_WARN_INFINITE_RECURSION = YES;
				CLANG_WARN_INT_CONVERSION = YES;
				CLANG_WARN_NON_LITERAL_NULL_CONVERSION = YES;
				CLANG_WARN_OBJC_IMPLICIT_RETAIN_SELF = YES;
				CLANG_WARN_OBJC_LITERAL_CONVERSION = YES;
				CLANG_WARN_OBJC_ROOT_CLASS = YES_ERROR;
				CLANG_WARN_QUOTED_INCLUDE_IN_FRAMEWORK_HEADER = YES;
				CLANG_WARN_RANGE_LOOP_ANALYSIS = YES;
				CLANG_WARN_STRICT_PROTOTYPES = YES;
				CLANG_WARN_SUSPICIOUS_MOVE = YES;
				CLANG_WARN_UNGUARDED_AVAILABILITY = YES_AGGRESSIVE;
				CLANG_WARN_UNREACHABLE_CODE = YES;
				CLANG_WARN__DUPLICATE_METHOD_MATCH = YES;
				COPY_PHASE_STRIP = NO;
				DEBUG_INFORMATION_FORMAT = dwarf;
				ENABLE_STRICT_OBJC_MSGSEND = YES;
				ENABLE_TESTABILITY = YES;
				GCC_C_LANGUAGE_STANDARD = gnu11;
				GCC_DYNAMIC_NO_PIC = NO;
				GCC_NO_COMMON_BLOCKS = YES;
				GCC_OPTIMIZATION_LEVEL = 0;
				GCC_PREPROCESSOR_DEFINITIONS = (
					"DEBUG=1",
					"$(inherited)",
				);
				GCC_WARN_64_TO_32_BIT_CONVERSION = YES;
				GCC_WARN_ABOUT_RETURN_TYPE = YES_ERROR;
				GCC_WARN_UNDECLARED_SELECTOR = YES;
				GCC_WARN_UNINITIALIZED_AUTOS = YES_AGGRESSIVE;
				GCC_WARN_UNUSED_FUNCTION = YES;
				GCC_WARN_UNUSED_VARIABLE = YES;
				MACOSX_DEPLOYMENT_TARGET = 10.10;
				MTL_ENABLE_DEBUG_INFO = INCLUDE_SOURCE;
				MTL_FAST_MATH = YES;
				ONLY_ACTIVE_ARCH = YES;
				SDKROOT = macosx;
				SWIFT_ACTIVE_COMPILATION_CONDITIONS = DEBUG;
				SWIFT_OPTIMIZATION_LEVEL = "-Onone";
			};
			name = Debug;
		};
		C7E1263227239F7E0000DB8B /* Release */ = {
			isa = XCBuildConfiguration;
			buildSettings = {
				ALWAYS_SEARCH_USER_PATHS = NO;
				CLANG_ANALYZER_NONNULL = YES;
				CLANG_ANALYZER_NUMBER_OBJECT_CONVERSION = YES_AGGRESSIVE;
				CLANG_CXX_LANGUAGE_STANDARD = "gnu++17";
				CLANG_CXX_LIBRARY = "libc++";
				CLANG_ENABLE_MODULES = YES;
				CLANG_ENABLE_OBJC_ARC = YES;
				CLANG_ENABLE_OBJC_WEAK = YES;
				CLANG_WARN_BLOCK_CAPTURE_AUTORELEASING = YES;
				CLANG_WARN_BOOL_CONVERSION = YES;
				CLANG_WARN_COMMA = YES;
				CLANG_WARN_CONSTANT_CONVERSION = YES;
				CLANG_WARN_DEPRECATED_OBJC_IMPLEMENTATIONS = YES;
				CLANG_WARN_DIRECT_OBJC_ISA_USAGE = YES_ERROR;
				CLANG_WARN_DOCUMENTATION_COMMENTS = YES;
				CLANG_WARN_EMPTY_BODY = YES;
				CLANG_WARN_ENUM_CONVERSION = YES;
				CLANG_WARN_INFINITE_RECURSION = YES;
				CLANG_WARN_INT_CONVERSION = YES;
				CLANG_WARN_NON_LITERAL_NULL_CONVERSION = YES;
				CLANG_WARN_OBJC_IMPLICIT_RETAIN_SELF = YES;
				CLANG_WARN_OBJC_LITERAL_CONVERSION = YES;
				CLANG_WARN_OBJC_ROOT_CLASS = YES_ERROR;
				CLANG_WARN_QUOTED_INCLUDE_IN_FRAMEWORK_HEADER = YES;
				CLANG_WARN_RANGE_LOOP_ANALYSIS = YES;
				CLANG_WARN_STRICT_PROTOTYPES = YES;
				CLANG_WARN_SUSPICIOUS_MOVE = YES;
				CLANG_WARN_UNGUARDED_AVAILABILITY = YES_AGGRESSIVE;
				CLANG_WARN_UNREACHABLE_CODE = YES;
				CLANG_WARN__DUPLICATE_METHOD_MATCH = YES;
				COPY_PHASE_STRIP = NO;
				DEBUG_INFORMATION_FORMAT = "dwarf-with-dsym";
				ENABLE_NS_ASSERTIONS = NO;
				ENABLE_STRICT_OBJC_MSGSEND = YES;
				GCC_C_LANGUAGE_STANDARD = gnu11;
				GCC_NO_COMMON_BLOCKS = YES;
				GCC_WARN_64_TO_32_BIT_CONVERSION = YES;
				GCC_WARN_ABOUT_RETURN_TYPE = YES_ERROR;
				GCC_WARN_UNDECLARED_SELECTOR = YES;
				GCC_WARN_UNINITIALIZED_AUTOS = YES_AGGRESSIVE;
				GCC_WARN_UNUSED_FUNCTION = YES;
				GCC_WARN_UNUSED_VARIABLE = YES;
				MACOSX_DEPLOYMENT_TARGET = 10.10;
				MTL_ENABLE_DEBUG_INFO = NO;
				MTL_FAST_MATH = YES;
				SDKROOT = macosx;
				SWIFT_COMPILATION_MODE = wholemodule;
				SWIFT_OPTIMIZATION_LEVEL = "-O";
			};
			name = Release;
		};
		C7E1263427239F7E0000DB8B /* Debug */ = {
			isa = XCBuildConfiguration;
			buildSettings = {
				CODE_SIGN_STYLE = Automatic;
				PRODUCT_NAME = "$(TARGET_NAME)";
				SWIFT_VERSION = 5.0;
			};
			name = Debug;
		};
		C7E1263527239F7E0000DB8B /* Release */ = {
			isa = XCBuildConfiguration;
			buildSettings = {
				CODE_SIGN_STYLE = Automatic;
				PRODUCT_NAME = "$(TARGET_NAME)";
				SWIFT_VERSION = 5.0;
			};
			name = Release;
		};
		E2D09D9027282B7700A846D8 /* Debug */ = {
			isa = XCBuildConfiguration;
			buildSettings = {
				CODE_SIGN_IDENTITY = "-";
				CODE_SIGN_STYLE = Automatic;
				COMBINE_HIDPI_IMAGES = YES;
				CURRENT_PROJECT_VERSION = 1;
				DEVELOPMENT_TEAM = "";
				GENERATE_INFOPLIST_FILE = YES;
				LD_RUNPATH_SEARCH_PATHS = (
					"$(inherited)",
					"@executable_path/../Frameworks",
					"@loader_path/../Frameworks",
				);
				MACOSX_DEPLOYMENT_TARGET = 11.3;
				MARKETING_VERSION = 1.0;
				PRODUCT_BUNDLE_IDENTIFIER = com.yeonduing.RacingCar.RacingCarTests;
				PRODUCT_NAME = "$(TARGET_NAME)";
				SWIFT_EMIT_LOC_STRINGS = NO;
				SWIFT_VERSION = 5.0;
			};
			name = Debug;
		};
		E2D09D9127282B7700A846D8 /* Release */ = {
			isa = XCBuildConfiguration;
			buildSettings = {
				CODE_SIGN_IDENTITY = "-";
				CODE_SIGN_STYLE = Automatic;
				COMBINE_HIDPI_IMAGES = YES;
				CURRENT_PROJECT_VERSION = 1;
				DEVELOPMENT_TEAM = "";
				GENERATE_INFOPLIST_FILE = YES;
				LD_RUNPATH_SEARCH_PATHS = (
					"$(inherited)",
					"@executable_path/../Frameworks",
					"@loader_path/../Frameworks",
				);
				MACOSX_DEPLOYMENT_TARGET = 11.3;
				MARKETING_VERSION = 1.0;
				PRODUCT_BUNDLE_IDENTIFIER = com.yeonduing.RacingCar.RacingCarTests;
				PRODUCT_NAME = "$(TARGET_NAME)";
				SWIFT_EMIT_LOC_STRINGS = NO;
				SWIFT_VERSION = 5.0;
			};
			name = Release;
		};
/* End XCBuildConfiguration section */

/* Begin XCConfigurationList section */
		C7E1262727239F7E0000DB8B /* Build configuration list for PBXProject "RacingCar" */ = {
			isa = XCConfigurationList;
			buildConfigurations = (
				C7E1263127239F7E0000DB8B /* Debug */,
				C7E1263227239F7E0000DB8B /* Release */,
			);
			defaultConfigurationIsVisible = 0;
			defaultConfigurationName = Release;
		};
		C7E1263327239F7E0000DB8B /* Build configuration list for PBXNativeTarget "RacingCar" */ = {
			isa = XCConfigurationList;
			buildConfigurations = (
				C7E1263427239F7E0000DB8B /* Debug */,
				C7E1263527239F7E0000DB8B /* Release */,
			);
			defaultConfigurationIsVisible = 0;
			defaultConfigurationName = Release;
		};
		E2D09D9227282B7700A846D8 /* Build configuration list for PBXNativeTarget "RacingCarTests" */ = {
			isa = XCConfigurationList;
			buildConfigurations = (
				E2D09D9027282B7700A846D8 /* Debug */,
				E2D09D9127282B7700A846D8 /* Release */,
			);
			defaultConfigurationIsVisible = 0;
			defaultConfigurationName = Release;
		};
/* End XCConfigurationList section */
	};
	rootObject = C7E1262427239F7E0000DB8B /* Project object */;
}
