// !$*UTF8*$!
{
	archiveVersion = 1;
	classes = {
	};
	objectVersion = 54;
	objects = {

/* Begin PBXBuildFile section */
		2E25F967281D186400DC8F43 /* main.swift in Sources */ = {isa = PBXBuildFile; fileRef = 2E25F966281D186400DC8F43 /* main.swift */; };
		2E25F968281D186600DC8F43 /* main.swift in Sources */ = {isa = PBXBuildFile; fileRef = 2E25F966281D186400DC8F43 /* main.swift */; };
		2E25F96A281D191D00DC8F43 /* RacingCar.swift in Sources */ = {isa = PBXBuildFile; fileRef = 2E25F969281D191D00DC8F43 /* RacingCar.swift */; };
		2E25F96D281D193C00DC8F43 /* RacingCarTest.swift in Sources */ = {isa = PBXBuildFile; fileRef = 2E25F96C281D193C00DC8F43 /* RacingCarTest.swift */; };
		2E25F96F281D1AFD00DC8F43 /* Engine.swift in Sources */ = {isa = PBXBuildFile; fileRef = 2E25F96E281D1AFD00DC8F43 /* Engine.swift */; };
		2E25F974281D21B400DC8F43 /* RandomNumberGenerator.swift in Sources */ = {isa = PBXBuildFile; fileRef = 2E25F973281D21B400DC8F43 /* RandomNumberGenerator.swift */; };
		2E25F975281D21B400DC8F43 /* RandomNumberGenerator.swift in Sources */ = {isa = PBXBuildFile; fileRef = 2E25F973281D21B400DC8F43 /* RandomNumberGenerator.swift */; };
		2E25F97B281D264800DC8F43 /* RacingRound.swift in Sources */ = {isa = PBXBuildFile; fileRef = 2E25F97A281D264800DC8F43 /* RacingRound.swift */; };
		2E25F97E281D268500DC8F43 /* RacingRoundTest.swift in Sources */ = {isa = PBXBuildFile; fileRef = 2E25F97D281D268500DC8F43 /* RacingRoundTest.swift */; };
		2E25F981281D2A0500DC8F43 /* FakeEngine.swift in Sources */ = {isa = PBXBuildFile; fileRef = 2E25F97F281D2A0500DC8F43 /* FakeEngine.swift */; };
		2E25F983281D2B5E00DC8F43 /* RacingRoundResult.swift in Sources */ = {isa = PBXBuildFile; fileRef = 2E25F982281D2B5E00DC8F43 /* RacingRoundResult.swift */; };
		2E25F984281D2B5E00DC8F43 /* RacingRoundResult.swift in Sources */ = {isa = PBXBuildFile; fileRef = 2E25F982281D2B5E00DC8F43 /* RacingRoundResult.swift */; };
		2E25F986281D31BB00DC8F43 /* RacingGameTest.swift in Sources */ = {isa = PBXBuildFile; fileRef = 2E25F985281D31BB00DC8F43 /* RacingGameTest.swift */; };
		2E25F988281D34E000DC8F43 /* RacingGame.swift in Sources */ = {isa = PBXBuildFile; fileRef = 2E25F987281D34E000DC8F43 /* RacingGame.swift */; };
		2E25F98B281D356500DC8F43 /* RacingGameResult.swift in Sources */ = {isa = PBXBuildFile; fileRef = 2E25F98A281D356500DC8F43 /* RacingGameResult.swift */; };
		2E25F98C281D356500DC8F43 /* RacingGameResult.swift in Sources */ = {isa = PBXBuildFile; fileRef = 2E25F98A281D356500DC8F43 /* RacingGameResult.swift */; };
		2E25F98E281D445100DC8F43 /* InputView.swift in Sources */ = {isa = PBXBuildFile; fileRef = 2E25F98D281D445100DC8F43 /* InputView.swift */; };
		2E25F990281D456500DC8F43 /* GameResultFormatter.swift in Sources */ = {isa = PBXBuildFile; fileRef = 2E25F98F281D456500DC8F43 /* GameResultFormatter.swift */; };
		2E25F992281D46C300DC8F43 /* OutputView.swift in Sources */ = {isa = PBXBuildFile; fileRef = 2E25F991281D46C300DC8F43 /* OutputView.swift */; };
		2E25F997281D4E2E00DC8F43 /* InputView.swift in Sources */ = {isa = PBXBuildFile; fileRef = 2E25F98D281D445100DC8F43 /* InputView.swift */; };
		2E25F998281D4E3000DC8F43 /* OutputView.swift in Sources */ = {isa = PBXBuildFile; fileRef = 2E25F991281D46C300DC8F43 /* OutputView.swift */; };
		2E80E2302821669C00397CA4 /* Sequence.swift in Sources */ = {isa = PBXBuildFile; fileRef = 2E80E22F2821669C00397CA4 /* Sequence.swift */; };
		2ED9C3BE2826129700BC60E7 /* RacingGameJudge.swift in Sources */ = {isa = PBXBuildFile; fileRef = 2ED9C3BD2826129700BC60E7 /* RacingGameJudge.swift */; };
		2ED9C3C0282612B800BC60E7 /* RacingGameJudgeTest.swift in Sources */ = {isa = PBXBuildFile; fileRef = 2ED9C3BF282612B800BC60E7 /* RacingGameJudgeTest.swift */; };
		2ED9C3C128261E2B00BC60E7 /* RacingCar.swift in Sources */ = {isa = PBXBuildFile; fileRef = 2E25F969281D191D00DC8F43 /* RacingCar.swift */; };
		2ED9C3C228261E2D00BC60E7 /* Engine.swift in Sources */ = {isa = PBXBuildFile; fileRef = 2E25F96E281D1AFD00DC8F43 /* Engine.swift */; };
		2ED9C3C328261E3400BC60E7 /* RacingGameJudge.swift in Sources */ = {isa = PBXBuildFile; fileRef = 2ED9C3BD2826129700BC60E7 /* RacingGameJudge.swift */; };
		2EE6621B2823D2680047B41D /* Sequence.swift in Sources */ = {isa = PBXBuildFile; fileRef = 2E80E22F2821669C00397CA4 /* Sequence.swift */; };
		2EE6621C2823D26D0047B41D /* GameResultFormatter.swift in Sources */ = {isa = PBXBuildFile; fileRef = 2E25F98F281D456500DC8F43 /* GameResultFormatter.swift */; };
		2EE6621D2823D2740047B41D /* RacingRound.swift in Sources */ = {isa = PBXBuildFile; fileRef = 2E25F97A281D264800DC8F43 /* RacingRound.swift */; };
		2EE6621E2823D2790047B41D /* RacingGame.swift in Sources */ = {isa = PBXBuildFile; fileRef = 2E25F987281D34E000DC8F43 /* RacingGame.swift */; };
/* End PBXBuildFile section */

/* Begin PBXCopyFilesBuildPhase section */
		C7E1262A27239F7E0000DB8B /* CopyFiles */ = {
			isa = PBXCopyFilesBuildPhase;
			buildActionMask = 2147483647;
			dstPath = /usr/share/man/man1/;
			dstSubfolderSpec = 0;
			files = (
			);
			runOnlyForDeploymentPostprocessing = 1;
		};
/* End PBXCopyFilesBuildPhase section */

/* Begin PBXFileReference section */
		2E25F966281D186400DC8F43 /* main.swift */ = {isa = PBXFileReference; lastKnownFileType = sourcecode.swift; path = main.swift; sourceTree = "<group>"; };
		2E25F969281D191D00DC8F43 /* RacingCar.swift */ = {isa = PBXFileReference; lastKnownFileType = sourcecode.swift; path = RacingCar.swift; sourceTree = "<group>"; };
		2E25F96C281D193C00DC8F43 /* RacingCarTest.swift */ = {isa = PBXFileReference; lastKnownFileType = sourcecode.swift; path = RacingCarTest.swift; sourceTree = "<group>"; };
		2E25F96E281D1AFD00DC8F43 /* Engine.swift */ = {isa = PBXFileReference; lastKnownFileType = sourcecode.swift; path = Engine.swift; sourceTree = "<group>"; };
		2E25F973281D21B400DC8F43 /* RandomNumberGenerator.swift */ = {isa = PBXFileReference; lastKnownFileType = sourcecode.swift; path = RandomNumberGenerator.swift; sourceTree = "<group>"; };
		2E25F97A281D264800DC8F43 /* RacingRound.swift */ = {isa = PBXFileReference; lastKnownFileType = sourcecode.swift; path = RacingRound.swift; sourceTree = "<group>"; };
		2E25F97D281D268500DC8F43 /* RacingRoundTest.swift */ = {isa = PBXFileReference; lastKnownFileType = sourcecode.swift; path = RacingRoundTest.swift; sourceTree = "<group>"; };
		2E25F97F281D2A0500DC8F43 /* FakeEngine.swift */ = {isa = PBXFileReference; lastKnownFileType = sourcecode.swift; path = FakeEngine.swift; sourceTree = "<group>"; };
		2E25F982281D2B5E00DC8F43 /* RacingRoundResult.swift */ = {isa = PBXFileReference; lastKnownFileType = sourcecode.swift; path = RacingRoundResult.swift; sourceTree = "<group>"; };
		2E25F985281D31BB00DC8F43 /* RacingGameTest.swift */ = {isa = PBXFileReference; lastKnownFileType = sourcecode.swift; path = RacingGameTest.swift; sourceTree = "<group>"; };
		2E25F987281D34E000DC8F43 /* RacingGame.swift */ = {isa = PBXFileReference; lastKnownFileType = sourcecode.swift; path = RacingGame.swift; sourceTree = "<group>"; };
		2E25F98A281D356500DC8F43 /* RacingGameResult.swift */ = {isa = PBXFileReference; lastKnownFileType = sourcecode.swift; path = RacingGameResult.swift; sourceTree = "<group>"; };
		2E25F98D281D445100DC8F43 /* InputView.swift */ = {isa = PBXFileReference; lastKnownFileType = sourcecode.swift; path = InputView.swift; sourceTree = "<group>"; };
		2E25F98F281D456500DC8F43 /* GameResultFormatter.swift */ = {isa = PBXFileReference; lastKnownFileType = sourcecode.swift; path = GameResultFormatter.swift; sourceTree = "<group>"; };
		2E25F991281D46C300DC8F43 /* OutputView.swift */ = {isa = PBXFileReference; lastKnownFileType = sourcecode.swift; path = OutputView.swift; sourceTree = "<group>"; };
		2E80E22F2821669C00397CA4 /* Sequence.swift */ = {isa = PBXFileReference; lastKnownFileType = sourcecode.swift; path = Sequence.swift; sourceTree = "<group>"; };
		2E8D45C7281AEA0500DD1214 /* RacingCarTest.xctest */ = {isa = PBXFileReference; explicitFileType = wrapper.cfbundle; includeInIndex = 0; path = RacingCarTest.xctest; sourceTree = BUILT_PRODUCTS_DIR; };
		2ED9C3BC282577AE00BC60E7 /* README.md */ = {isa = PBXFileReference; lastKnownFileType = net.daringfireball.markdown; path = README.md; sourceTree = "<group>"; };
		2ED9C3BD2826129700BC60E7 /* RacingGameJudge.swift */ = {isa = PBXFileReference; lastKnownFileType = sourcecode.swift; path = RacingGameJudge.swift; sourceTree = "<group>"; };
		2ED9C3BF282612B800BC60E7 /* RacingGameJudgeTest.swift */ = {isa = PBXFileReference; lastKnownFileType = sourcecode.swift; path = RacingGameJudgeTest.swift; sourceTree = "<group>"; };
		C7E1262C27239F7E0000DB8B /* RacingCar */ = {isa = PBXFileReference; explicitFileType = "compiled.mach-o.executable"; includeInIndex = 0; path = RacingCar; sourceTree = BUILT_PRODUCTS_DIR; };
/* End PBXFileReference section */

/* Begin PBXFrameworksBuildPhase section */
		2E8D45C4281AEA0500DD1214 /* Frameworks */ = {
			isa = PBXFrameworksBuildPhase;
			buildActionMask = 2147483647;
			files = (
			);
			runOnlyForDeploymentPostprocessing = 0;
		};
		C7E1262927239F7E0000DB8B /* Frameworks */ = {
			isa = PBXFrameworksBuildPhase;
			buildActionMask = 2147483647;
			files = (
			);
			runOnlyForDeploymentPostprocessing = 0;
		};
/* End PBXFrameworksBuildPhase section */

/* Begin PBXGroup section */
		2E25F995281D4BF800DC8F43 /* View */ = {
			isa = PBXGroup;
			children = (
				2E25F98D281D445100DC8F43 /* InputView.swift */,
				2E25F991281D46C300DC8F43 /* OutputView.swift */,
				2E25F98F281D456500DC8F43 /* GameResultFormatter.swift */,
			);
			path = View;
			sourceTree = "<group>";
		};
		2E80E22E2821668C00397CA4 /* Extensions */ = {
			isa = PBXGroup;
			children = (
				2E80E22F2821669C00397CA4 /* Sequence.swift */,
			);
			path = Extensions;
			sourceTree = "<group>";
		};
		2E8D45C8281AEA0500DD1214 /* RacingCarTest */ = {
			isa = PBXGroup;
			children = (
				2E25F97D281D268500DC8F43 /* RacingRoundTest.swift */,
				2E25F96C281D193C00DC8F43 /* RacingCarTest.swift */,
				2E25F97F281D2A0500DC8F43 /* FakeEngine.swift */,
				2E25F985281D31BB00DC8F43 /* RacingGameTest.swift */,
				2ED9C3BF282612B800BC60E7 /* RacingGameJudgeTest.swift */,
			);
			path = RacingCarTest;
			sourceTree = "<group>";
		};
		C7E1262327239F7E0000DB8B = {
			isa = PBXGroup;
			children = (
				C7E1262E27239F7E0000DB8B /* RacingCar */,
				2E8D45C8281AEA0500DD1214 /* RacingCarTest */,
				C7E1262D27239F7E0000DB8B /* Products */,
			);
			sourceTree = "<group>";
		};
		C7E1262D27239F7E0000DB8B /* Products */ = {
			isa = PBXGroup;
			children = (
				C7E1262C27239F7E0000DB8B /* RacingCar */,
				2E8D45C7281AEA0500DD1214 /* RacingCarTest.xctest */,
			);
			name = Products;
			sourceTree = "<group>";
		};
		C7E1262E27239F7E0000DB8B /* RacingCar */ = {
			isa = PBXGroup;
			children = (
				2E80E22E2821668C00397CA4 /* Extensions */,
				2E25F995281D4BF800DC8F43 /* View */,
				2E25F966281D186400DC8F43 /* main.swift */,
				2E25F969281D191D00DC8F43 /* RacingCar.swift */,
				2E25F96E281D1AFD00DC8F43 /* Engine.swift */,
				2E25F973281D21B400DC8F43 /* RandomNumberGenerator.swift */,
				2E25F97A281D264800DC8F43 /* RacingRound.swift */,
				2E25F982281D2B5E00DC8F43 /* RacingRoundResult.swift */,
				2E25F987281D34E000DC8F43 /* RacingGame.swift */,
				2E25F98A281D356500DC8F43 /* RacingGameResult.swift */,
				2ED9C3BC282577AE00BC60E7 /* README.md */,
				2ED9C3BD2826129700BC60E7 /* RacingGameJudge.swift */,
			);
			path = RacingCar;
			sourceTree = "<group>";
		};
/* End PBXGroup section */

/* Begin PBXNativeTarget section */
		2E8D45C6281AEA0500DD1214 /* RacingCarTest */ = {
			isa = PBXNativeTarget;
			buildConfigurationList = 2E8D45CB281AEA0500DD1214 /* Build configuration list for PBXNativeTarget "RacingCarTest" */;
			buildPhases = (
				2E8D45C3281AEA0500DD1214 /* Sources */,
				2E8D45C4281AEA0500DD1214 /* Frameworks */,
				2E8D45C5281AEA0500DD1214 /* Resources */,
			);
			buildRules = (
			);
			dependencies = (
			);
			name = RacingCarTest;
			productName = RacingCarTest;
			productReference = 2E8D45C7281AEA0500DD1214 /* RacingCarTest.xctest */;
			productType = "com.apple.product-type.bundle.unit-test";
		};
		C7E1262B27239F7E0000DB8B /* RacingCar */ = {
			isa = PBXNativeTarget;
			buildConfigurationList = C7E1263327239F7E0000DB8B /* Build configuration list for PBXNativeTarget "RacingCar" */;
			buildPhases = (
				C7E1262827239F7E0000DB8B /* Sources */,
				C7E1262927239F7E0000DB8B /* Frameworks */,
				C7E1262A27239F7E0000DB8B /* CopyFiles */,
			);
			buildRules = (
			);
			dependencies = (
			);
			name = RacingCar;
			productName = RacingCar;
			productReference = C7E1262C27239F7E0000DB8B /* RacingCar */;
			productType = "com.apple.product-type.tool";
		};
/* End PBXNativeTarget section */

/* Begin PBXProject section */
		C7E1262427239F7E0000DB8B /* Project object */ = {
			isa = PBXProject;
			attributes = {
				BuildIndependentTargetsInParallel = 1;
				LastSwiftUpdateCheck = 1320;
				LastUpgradeCheck = 1320;
				TargetAttributes = {
					2E8D45C6281AEA0500DD1214 = {
						CreatedOnToolsVersion = 13.2.1;
					};
					C7E1262B27239F7E0000DB8B = {
						CreatedOnToolsVersion = 13.0;
						LastSwiftMigration = 1320;
					};
				};
			};
			buildConfigurationList = C7E1262727239F7E0000DB8B /* Build configuration list for PBXProject "RacingCar" */;
			compatibilityVersion = "Xcode 12.0";
			developmentRegion = en;
			hasScannedForEncodings = 0;
			knownRegions = (
				en,
				Base,
			);
			mainGroup = C7E1262327239F7E0000DB8B;
			productRefGroup = C7E1262D27239F7E0000DB8B /* Products */;
			projectDirPath = "";
			projectRoot = "";
			targets = (
				C7E1262B27239F7E0000DB8B /* RacingCar */,
				2E8D45C6281AEA0500DD1214 /* RacingCarTest */,
			);
		};
/* End PBXProject section */

/* Begin PBXResourcesBuildPhase section */
		2E8D45C5281AEA0500DD1214 /* Resources */ = {
			isa = PBXResourcesBuildPhase;
			buildActionMask = 2147483647;
			files = (
			);
			runOnlyForDeploymentPostprocessing = 0;
		};
/* End PBXResourcesBuildPhase section */

/* Begin PBXSourcesBuildPhase section */
		2E8D45C3281AEA0500DD1214 /* Sources */ = {
			isa = PBXSourcesBuildPhase;
			buildActionMask = 2147483647;
			files = (
				2E25F997281D4E2E00DC8F43 /* InputView.swift in Sources */,
				2EE6621C2823D26D0047B41D /* GameResultFormatter.swift in Sources */,
				2E25F981281D2A0500DC8F43 /* FakeEngine.swift in Sources */,
				2ED9C3C128261E2B00BC60E7 /* RacingCar.swift in Sources */,
				2E25F96D281D193C00DC8F43 /* RacingCarTest.swift in Sources */,
				2E25F984281D2B5E00DC8F43 /* RacingRoundResult.swift in Sources */,
				2EE6621D2823D2740047B41D /* RacingRound.swift in Sources */,
				2E25F97E281D268500DC8F43 /* RacingRoundTest.swift in Sources */,
				2E25F98C281D356500DC8F43 /* RacingGameResult.swift in Sources */,
				2EE6621B2823D2680047B41D /* Sequence.swift in Sources */,
				2E25F986281D31BB00DC8F43 /* RacingGameTest.swift in Sources */,
				2ED9C3C0282612B800BC60E7 /* RacingGameJudgeTest.swift in Sources */,
				2ED9C3C328261E3400BC60E7 /* RacingGameJudge.swift in Sources */,
				2E25F998281D4E3000DC8F43 /* OutputView.swift in Sources */,
				2ED9C3C228261E2D00BC60E7 /* Engine.swift in Sources */,
				2E25F975281D21B400DC8F43 /* RandomNumberGenerator.swift in Sources */,
				2EE6621E2823D2790047B41D /* RacingGame.swift in Sources */,
				2E25F968281D186600DC8F43 /* main.swift in Sources */,
			);
			runOnlyForDeploymentPostprocessing = 0;
		};
		C7E1262827239F7E0000DB8B /* Sources */ = {
			isa = PBXSourcesBuildPhase;
			buildActionMask = 2147483647;
			files = (
				2E25F96A281D191D00DC8F43 /* RacingCar.swift in Sources */,
				2E25F990281D456500DC8F43 /* GameResultFormatter.swift in Sources */,
				2E25F96F281D1AFD00DC8F43 /* Engine.swift in Sources */,
				2E25F992281D46C300DC8F43 /* OutputView.swift in Sources */,
				2E25F967281D186400DC8F43 /* main.swift in Sources */,
				2E25F988281D34E000DC8F43 /* RacingGame.swift in Sources */,
				2E25F97B281D264800DC8F43 /* RacingRound.swift in Sources */,
				2E25F974281D21B400DC8F43 /* RandomNumberGenerator.swift in Sources */,
				2ED9C3BE2826129700BC60E7 /* RacingGameJudge.swift in Sources */,
				2E80E2302821669C00397CA4 /* Sequence.swift in Sources */,
				2E25F98E281D445100DC8F43 /* InputView.swift in Sources */,
				2E25F98B281D356500DC8F43 /* RacingGameResult.swift in Sources */,
				2E25F983281D2B5E00DC8F43 /* RacingRoundResult.swift in Sources */,
			);
			runOnlyForDeploymentPostprocessing = 0;
		};
/* End PBXSourcesBuildPhase section */

/* Begin XCBuildConfiguration section */
		2E8D45CC281AEA0500DD1214 /* Debug */ = {
			isa = XCBuildConfiguration;
			buildSettings = {
				CODE_SIGN_STYLE = Automatic;
				CURRENT_PROJECT_VERSION = 1;
				DEVELOPMENT_TEAM = G49TCMH6D2;
				"EXCLUDED_ARCHS[sdk=*]" = x86_64;
				GENERATE_INFOPLIST_FILE = YES;
				MACOSX_DEPLOYMENT_TARGET = 12.0;
				MARKETING_VERSION = 1.0;
				PRODUCT_BUNDLE_IDENTIFIER = com.roadtos7.ios.RacingCarTest;
				PRODUCT_NAME = "$(TARGET_NAME)";
				SWIFT_EMIT_LOC_STRINGS = NO;
				SWIFT_VERSION = 5.0;
			};
			name = Debug;
		};
		2E8D45CD281AEA0500DD1214 /* Release */ = {
			isa = XCBuildConfiguration;
			buildSettings = {
				CODE_SIGN_STYLE = Automatic;
				CURRENT_PROJECT_VERSION = 1;
				DEVELOPMENT_TEAM = G49TCMH6D2;
				"EXCLUDED_ARCHS[sdk=*]" = x86_64;
				GENERATE_INFOPLIST_FILE = YES;
				MACOSX_DEPLOYMENT_TARGET = 12.0;
				MARKETING_VERSION = 1.0;
				PRODUCT_BUNDLE_IDENTIFIER = com.roadtos7.ios.RacingCarTest;
				PRODUCT_NAME = "$(TARGET_NAME)";
				SWIFT_EMIT_LOC_STRINGS = NO;
				SWIFT_VERSION = 5.0;
			};
			name = Release;
		};
		C7E1263127239F7E0000DB8B /* Debug */ = {
			isa = XCBuildConfiguration;
			buildSettings = {
				ALWAYS_SEARCH_USER_PATHS = NO;
				ARCHS = (
					"$(ARCHS_STANDARD)",
					"x86_64-apple-ios-simulator",
				);
				BUNDLE_LOADER = "";
				CLANG_ANALYZER_NONNULL = YES;
				CLANG_ANALYZER_NUMBER_OBJECT_CONVERSION = YES_AGGRESSIVE;
				CLANG_CXX_LANGUAGE_STANDARD = "gnu++17";
				CLANG_CXX_LIBRARY = "libc++";
				CLANG_ENABLE_MODULES = YES;
				CLANG_ENABLE_OBJC_ARC = YES;
				CLANG_ENABLE_OBJC_WEAK = YES;
				CLANG_WARN_BLOCK_CAPTURE_AUTORELEASING = YES;
				CLANG_WARN_BOOL_CONVERSION = YES;
				CLANG_WARN_COMMA = YES;
				CLANG_WARN_CONSTANT_CONVERSION = YES;
				CLANG_WARN_DEPRECATED_OBJC_IMPLEMENTATIONS = YES;
				CLANG_WARN_DIRECT_OBJC_ISA_USAGE = YES_ERROR;
				CLANG_WARN_DOCUMENTATION_COMMENTS = YES;
				CLANG_WARN_EMPTY_BODY = YES;
				CLANG_WARN_ENUM_CONVERSION = YES;
				CLANG_WARN_INFINITE_RECURSION = YES;
				CLANG_WARN_INT_CONVERSION = YES;
				CLANG_WARN_NON_LITERAL_NULL_CONVERSION = YES;
				CLANG_WARN_OBJC_IMPLICIT_RETAIN_SELF = YES;
				CLANG_WARN_OBJC_LITERAL_CONVERSION = YES;
				CLANG_WARN_OBJC_ROOT_CLASS = YES_ERROR;
				CLANG_WARN_QUOTED_INCLUDE_IN_FRAMEWORK_HEADER = YES;
				CLANG_WARN_RANGE_LOOP_ANALYSIS = YES;
				CLANG_WARN_STRICT_PROTOTYPES = YES;
				CLANG_WARN_SUSPICIOUS_MOVE = YES;
				CLANG_WARN_UNGUARDED_AVAILABILITY = YES_AGGRESSIVE;
				CLANG_WARN_UNREACHABLE_CODE = YES;
				CLANG_WARN__DUPLICATE_METHOD_MATCH = YES;
				COPY_PHASE_STRIP = NO;
				DEBUG_INFORMATION_FORMAT = dwarf;
				ENABLE_STRICT_OBJC_MSGSEND = YES;
				ENABLE_TESTABILITY = YES;
				EXCLUDED_ARCHS = x86_64;
				GCC_C_LANGUAGE_STANDARD = gnu11;
				GCC_DYNAMIC_NO_PIC = NO;
				GCC_NO_COMMON_BLOCKS = YES;
				GCC_OPTIMIZATION_LEVEL = 0;
				GCC_PREPROCESSOR_DEFINITIONS = (
					"DEBUG=1",
					"$(inherited)",
				);
				GCC_WARN_64_TO_32_BIT_CONVERSION = YES;
				GCC_WARN_ABOUT_RETURN_TYPE = YES_ERROR;
				GCC_WARN_UNDECLARED_SELECTOR = YES;
				GCC_WARN_UNINITIALIZED_AUTOS = YES_AGGRESSIVE;
				GCC_WARN_UNUSED_FUNCTION = YES;
				GCC_WARN_UNUSED_VARIABLE = YES;
				IPHONEOS_DEPLOYMENT_TARGET = 15.2;
				MACOSX_DEPLOYMENT_TARGET = 12.0;
				MTL_ENABLE_DEBUG_INFO = INCLUDE_SOURCE;
				MTL_FAST_MATH = YES;
				ONLY_ACTIVE_ARCH = NO;
				PRODUCT_NAME = RacingCarProduct;
				SDKROOT = macosx;
				SWIFT_ACTIVE_COMPILATION_CONDITIONS = DEBUG;
				SWIFT_OPTIMIZATION_LEVEL = "-Onone";
			};
			name = Debug;
		};
		C7E1263227239F7E0000DB8B /* Release */ = {
			isa = XCBuildConfiguration;
			buildSettings = {
				ALWAYS_SEARCH_USER_PATHS = NO;
				ARCHS = (
					"$(ARCHS_STANDARD)",
					"x86_64-apple-ios-simulator",
				);
				BUNDLE_LOADER = "";
				CLANG_ANALYZER_NONNULL = YES;
				CLANG_ANALYZER_NUMBER_OBJECT_CONVERSION = YES_AGGRESSIVE;
				CLANG_CXX_LANGUAGE_STANDARD = "gnu++17";
				CLANG_CXX_LIBRARY = "libc++";
				CLANG_ENABLE_MODULES = YES;
				CLANG_ENABLE_OBJC_ARC = YES;
				CLANG_ENABLE_OBJC_WEAK = YES;
				CLANG_WARN_BLOCK_CAPTURE_AUTORELEASING = YES;
				CLANG_WARN_BOOL_CONVERSION = YES;
				CLANG_WARN_COMMA = YES;
				CLANG_WARN_CONSTANT_CONVERSION = YES;
				CLANG_WARN_DEPRECATED_OBJC_IMPLEMENTATIONS = YES;
				CLANG_WARN_DIRECT_OBJC_ISA_USAGE = YES_ERROR;
				CLANG_WARN_DOCUMENTATION_COMMENTS = YES;
				CLANG_WARN_EMPTY_BODY = YES;
				CLANG_WARN_ENUM_CONVERSION = YES;
				CLANG_WARN_INFINITE_RECURSION = YES;
				CLANG_WARN_INT_CONVERSION = YES;
				CLANG_WARN_NON_LITERAL_NULL_CONVERSION = YES;
				CLANG_WARN_OBJC_IMPLICIT_RETAIN_SELF = YES;
				CLANG_WARN_OBJC_LITERAL_CONVERSION = YES;
				CLANG_WARN_OBJC_ROOT_CLASS = YES_ERROR;
				CLANG_WARN_QUOTED_INCLUDE_IN_FRAMEWORK_HEADER = YES;
				CLANG_WARN_RANGE_LOOP_ANALYSIS = YES;
				CLANG_WARN_STRICT_PROTOTYPES = YES;
				CLANG_WARN_SUSPICIOUS_MOVE = YES;
				CLANG_WARN_UNGUARDED_AVAILABILITY = YES_AGGRESSIVE;
				CLANG_WARN_UNREACHABLE_CODE = YES;
				CLANG_WARN__DUPLICATE_METHOD_MATCH = YES;
				COPY_PHASE_STRIP = NO;
				DEBUG_INFORMATION_FORMAT = "dwarf-with-dsym";
				ENABLE_NS_ASSERTIONS = NO;
				ENABLE_STRICT_OBJC_MSGSEND = YES;
				ENABLE_TESTABILITY = YES;
				EXCLUDED_ARCHS = x86_64;
				GCC_C_LANGUAGE_STANDARD = gnu11;
				GCC_NO_COMMON_BLOCKS = YES;
				GCC_WARN_64_TO_32_BIT_CONVERSION = YES;
				GCC_WARN_ABOUT_RETURN_TYPE = YES_ERROR;
				GCC_WARN_UNDECLARED_SELECTOR = YES;
				GCC_WARN_UNINITIALIZED_AUTOS = YES_AGGRESSIVE;
				GCC_WARN_UNUSED_FUNCTION = YES;
				GCC_WARN_UNUSED_VARIABLE = YES;
				IPHONEOS_DEPLOYMENT_TARGET = 15.2;
				MACOSX_DEPLOYMENT_TARGET = 12.0;
				MTL_ENABLE_DEBUG_INFO = NO;
				MTL_FAST_MATH = YES;
				ONLY_ACTIVE_ARCH = NO;
				PRODUCT_NAME = RacingCarProduct;
				SDKROOT = macosx;
				SWIFT_COMPILATION_MODE = wholemodule;
				SWIFT_OPTIMIZATION_LEVEL = "-O";
			};
			name = Release;
		};
		C7E1263427239F7E0000DB8B /* Debug */ = {
			isa = XCBuildConfiguration;
			buildSettings = {
				CLANG_ENABLE_MODULES = YES;
				CODE_SIGN_IDENTITY = "-";
				CODE_SIGN_STYLE = Automatic;
				EXCLUDED_ARCHS = "";
				LD_RUNPATH_SEARCH_PATHS = (
					"$(inherited)",
					"@executable_path/../Frameworks",
					"@loader_path/../Frameworks",
				);
				MACOSX_DEPLOYMENT_TARGET = 12.0;
				PRODUCT_NAME = "$(TARGET_NAME)";
				SWIFT_OPTIMIZATION_LEVEL = "-Onone";
				SWIFT_VERSION = 5.0;
			};
			name = Debug;
		};
		C7E1263527239F7E0000DB8B /* Release */ = {
			isa = XCBuildConfiguration;
			buildSettings = {
				CLANG_ENABLE_MODULES = YES;
				CODE_SIGN_IDENTITY = "-";
				CODE_SIGN_STYLE = Automatic;
				LD_RUNPATH_SEARCH_PATHS = (
					"$(inherited)",
					"@executable_path/../Frameworks",
					"@loader_path/../Frameworks",
				);
				MACOSX_DEPLOYMENT_TARGET = 12.0;
				ONLY_ACTIVE_ARCH = YES;
				PRODUCT_NAME = "$(TARGET_NAME)";
				SWIFT_VERSION = 5.0;
			};
			name = Release;
		};
/* End XCBuildConfiguration section */

/* Begin XCConfigurationList section */
		2E8D45CB281AEA0500DD1214 /* Build configuration list for PBXNativeTarget "RacingCarTest" */ = {
			isa = XCConfigurationList;
			buildConfigurations = (
				2E8D45CC281AEA0500DD1214 /* Debug */,
				2E8D45CD281AEA0500DD1214 /* Release */,
			);
			defaultConfigurationIsVisible = 0;
			defaultConfigurationName = Release;
		};
		C7E1262727239F7E0000DB8B /* Build configuration list for PBXProject "RacingCar" */ = {
			isa = XCConfigurationList;
			buildConfigurations = (
				C7E1263127239F7E0000DB8B /* Debug */,
				C7E1263227239F7E0000DB8B /* Release */,
			);
			defaultConfigurationIsVisible = 0;
			defaultConfigurationName = Release;
		};
		C7E1263327239F7E0000DB8B /* Build configuration list for PBXNativeTarget "RacingCar" */ = {
			isa = XCConfigurationList;
			buildConfigurations = (
				C7E1263427239F7E0000DB8B /* Debug */,
				C7E1263527239F7E0000DB8B /* Release */,
			);
			defaultConfigurationIsVisible = 0;
			defaultConfigurationName = Release;
		};
/* End XCConfigurationList section */
	};
	rootObject = C7E1262427239F7E0000DB8B /* Project object */;
}
