// !$*UTF8*$!
{
	archiveVersion = 1;
	classes = {
	};
	objectVersion = 54;
	objects = {

/* Begin PBXBuildFile section */
		3B8A28882816C86600CF84C6 /* RacingCarTest.swift in Sources */ = {isa = PBXBuildFile; fileRef = 3B8A28872816C86600CF84C6 /* RacingCarTest.swift */; };
		3B8A288F2816C9CD00CF84C6 /* StringTests.swift in Sources */ = {isa = PBXBuildFile; fileRef = 3B8A288E2816C9CD00CF84C6 /* StringTests.swift */; };
		3B8A28932816DB0000CF84C6 /* SetTests.swift in Sources */ = {isa = PBXBuildFile; fileRef = 3B8A28922816DB0000CF84C6 /* SetTests.swift */; };
		C7E1263027239F7E0000DB8B /* main.swift in Sources */ = {isa = PBXBuildFile; fileRef = C7E1262F27239F7E0000DB8B /* main.swift */; };
/* End PBXBuildFile section */

/* Begin PBXCopyFilesBuildPhase section */
		C7E1262A27239F7E0000DB8B /* CopyFiles */ = {
			isa = PBXCopyFilesBuildPhase;
			buildActionMask = 2147483647;
			dstPath = /usr/share/man/man1/;
			dstSubfolderSpec = 0;
			files = (
			);
			runOnlyForDeploymentPostprocessing = 1;
		};
/* End PBXCopyFilesBuildPhase section */

/* Begin PBXFileReference section */
		3B8A28852816C86600CF84C6 /* RacingCarTest.xctest */ = {isa = PBXFileReference; explicitFileType = wrapper.cfbundle; includeInIndex = 0; path = RacingCarTest.xctest; sourceTree = BUILT_PRODUCTS_DIR; };
		3B8A28872816C86600CF84C6 /* RacingCarTest.swift */ = {isa = PBXFileReference; lastKnownFileType = sourcecode.swift; path = RacingCarTest.swift; sourceTree = "<group>"; };
		3B8A288E2816C9CD00CF84C6 /* StringTests.swift */ = {isa = PBXFileReference; lastKnownFileType = sourcecode.swift; path = StringTests.swift; sourceTree = "<group>"; };
		3B8A28922816DB0000CF84C6 /* SetTests.swift */ = {isa = PBXFileReference; lastKnownFileType = sourcecode.swift; path = SetTests.swift; sourceTree = "<group>"; };
		C7E1262C27239F7E0000DB8B /* RacingCar */ = {isa = PBXFileReference; explicitFileType = "compiled.mach-o.executable"; includeInIndex = 0; path = RacingCar; sourceTree = BUILT_PRODUCTS_DIR; };
		C7E1262F27239F7E0000DB8B /* main.swift */ = {isa = PBXFileReference; lastKnownFileType = sourcecode.swift; path = main.swift; sourceTree = "<group>"; };
/* End PBXFileReference section */

/* Begin PBXFrameworksBuildPhase section */
		3B8A28822816C86600CF84C6 /* Frameworks */ = {
			isa = PBXFrameworksBuildPhase;
			buildActionMask = 2147483647;
			files = (
			);
			runOnlyForDeploymentPostprocessing = 0;
		};
		C7E1262927239F7E0000DB8B /* Frameworks */ = {
			isa = PBXFrameworksBuildPhase;
			buildActionMask = 2147483647;
			files = (
			);
			runOnlyForDeploymentPostprocessing = 0;
		};
/* End PBXFrameworksBuildPhase section */

/* Begin PBXGroup section */
		3B8A28862816C86600CF84C6 /* RacingCarTest */ = {
			isa = PBXGroup;
			children = (
				3B8A28872816C86600CF84C6 /* RacingCarTest.swift */,
				3B8A288E2816C9CD00CF84C6 /* StringTests.swift */,
				3B8A28922816DB0000CF84C6 /* SetTests.swift */,
			);
			path = RacingCarTest;
			sourceTree = "<group>";
		};
		C7E1262327239F7E0000DB8B = {
			isa = PBXGroup;
			children = (
				C7E1262E27239F7E0000DB8B /* RacingCar */,
				3B8A28862816C86600CF84C6 /* RacingCarTest */,
				C7E1262D27239F7E0000DB8B /* Products */,
			);
			sourceTree = "<group>";
		};
		C7E1262D27239F7E0000DB8B /* Products */ = {
			isa = PBXGroup;
			children = (
				C7E1262C27239F7E0000DB8B /* RacingCar */,
				3B8A28852816C86600CF84C6 /* RacingCarTest.xctest */,
			);
			name = Products;
			sourceTree = "<group>";
		};
		C7E1262E27239F7E0000DB8B /* RacingCar */ = {
			isa = PBXGroup;
			children = (
				C7E1262F27239F7E0000DB8B /* main.swift */,
			);
			path = RacingCar;
			sourceTree = "<group>";
		};
/* End PBXGroup section */

/* Begin PBXNativeTarget section */
		3B8A28842816C86600CF84C6 /* RacingCarTest */ = {
			isa = PBXNativeTarget;
			buildConfigurationList = 3B8A288B2816C86600CF84C6 /* Build configuration list for PBXNativeTarget "RacingCarTest" */;
			buildPhases = (
				3B8A28812816C86600CF84C6 /* Sources */,
				3B8A28822816C86600CF84C6 /* Frameworks */,
				3B8A28832816C86600CF84C6 /* Resources */,
			);
			buildRules = (
			);
			dependencies = (
			);
			name = RacingCarTest;
			productName = RacingCarTest;
			productReference = 3B8A28852816C86600CF84C6 /* RacingCarTest.xctest */;
			productType = "com.apple.product-type.bundle.unit-test";
		};
		C7E1262B27239F7E0000DB8B /* RacingCar */ = {
			isa = PBXNativeTarget;
			buildConfigurationList = C7E1263327239F7E0000DB8B /* Build configuration list for PBXNativeTarget "RacingCar" */;
			buildPhases = (
				C7E1262827239F7E0000DB8B /* Sources */,
				C7E1262927239F7E0000DB8B /* Frameworks */,
				C7E1262A27239F7E0000DB8B /* CopyFiles */,
			);
			buildRules = (
			);
			dependencies = (
			);
			name = RacingCar;
			productName = RacingCar;
			productReference = C7E1262C27239F7E0000DB8B /* RacingCar */;
			productType = "com.apple.product-type.tool";
		};
/* End PBXNativeTarget section */

/* Begin PBXProject section */
		C7E1262427239F7E0000DB8B /* Project object */ = {
			isa = PBXProject;
			attributes = {
				BuildIndependentTargetsInParallel = 1;
				LastSwiftUpdateCheck = 1320;
				LastUpgradeCheck = 1300;
				TargetAttributes = {
					3B8A28842816C86600CF84C6 = {
						CreatedOnToolsVersion = 13.2.1;
					};
					C7E1262B27239F7E0000DB8B = {
						CreatedOnToolsVersion = 13.0;
					};
				};
			};
			buildConfigurationList = C7E1262727239F7E0000DB8B /* Build configuration list for PBXProject "RacingCar" */;
			compatibilityVersion = "Xcode 12.0";
			developmentRegion = en;
			hasScannedForEncodings = 0;
			knownRegions = (
				en,
				Base,
			);
			mainGroup = C7E1262327239F7E0000DB8B;
			productRefGroup = C7E1262D27239F7E0000DB8B /* Products */;
			projectDirPath = "";
			projectRoot = "";
			targets = (
				C7E1262B27239F7E0000DB8B /* RacingCar */,
				3B8A28842816C86600CF84C6 /* RacingCarTest */,
			);
		};
/* End PBXProject section */

/* Begin PBXResourcesBuildPhase section */
		3B8A28832816C86600CF84C6 /* Resources */ = {
			isa = PBXResourcesBuildPhase;
			buildActionMask = 2147483647;
			files = (
			);
			runOnlyForDeploymentPostprocessing = 0;
		};
/* End PBXResourcesBuildPhase section */

/* Begin PBXSourcesBuildPhase section */
		3B8A28812816C86600CF84C6 /* Sources */ = {
			isa = PBXSourcesBuildPhase;
			buildActionMask = 2147483647;
			files = (
				3B8A288F2816C9CD00CF84C6 /* StringTests.swift in Sources */,
				3B8A28932816DB0000CF84C6 /* SetTests.swift in Sources */,
				3B8A28882816C86600CF84C6 /* RacingCarTest.swift in Sources */,
			);
			runOnlyForDeploymentPostprocessing = 0;
		};
		C7E1262827239F7E0000DB8B /* Sources */ = {
			isa = PBXSourcesBuildPhase;
			buildActionMask = 2147483647;
			files = (
				C7E1263027239F7E0000DB8B /* main.swift in Sources */,
			);
			runOnlyForDeploymentPostprocessing = 0;
		};
/* End PBXSourcesBuildPhase section */

/* Begin XCBuildConfiguration section */
		3B8A28892816C86600CF84C6 /* Debug */ = {
			isa = XCBuildConfiguration;
			buildSettings = {
				CODE_SIGN_STYLE = Automatic;
				CURRENT_PROJECT_VERSION = 1;
				DEVELOPMENT_TEAM = Y4XABUQ539;
				GENERATE_INFOPLIST_FILE = YES;
				MACOSX_DEPLOYMENT_TARGET = 12.1;
				MARKETING_VERSION = 1.0;
				PRODUCT_BUNDLE_IDENTIFIER = com.sujinnaljin.RacingCarTest;
				PRODUCT_NAME = "$(TARGET_NAME)";
				SWIFT_EMIT_LOC_STRINGS = NO;
				SWIFT_VERSION = 5.0;
			};
			name = Debug;
		};
		3B8A288A2816C86600CF84C6 /* Release */ = {
			isa = XCBuildConfiguration;
			buildSettings = {
				CODE_SIGN_STYLE = Automatic;
				CURRENT_PROJECT_VERSION = 1;
				DEVELOPMENT_TEAM = Y4XABUQ539;
				GENERATE_INFOPLIST_FILE = YES;
				MACOSX_DEPLOYMENT_TARGET = 12.1;
				MARKETING_VERSION = 1.0;
				PRODUCT_BUNDLE_IDENTIFIER = com.sujinnaljin.RacingCarTest;
				PRODUCT_NAME = "$(TARGET_NAME)";
				SWIFT_EMIT_LOC_STRINGS = NO;
				SWIFT_VERSION = 5.0;
			};
			name = Release;
		};
		C7E1263127239F7E0000DB8B /* Debug */ = {
			isa = XCBuildConfiguration;
			buildSettings = {
				ALWAYS_SEARCH_USER_PATHS = NO;
				CLANG_ANALYZER_NONNULL = YES;
				CLANG_ANALYZER_NUMBER_OBJECT_CONVERSION = YES_AGGRESSIVE;
				CLANG_CXX_LANGUAGE_STANDARD = "gnu++17";
				CLANG_CXX_LIBRARY = "libc++";
				CLANG_ENABLE_MODULES = YES;
				CLANG_ENABLE_OBJC_ARC = YES;
				CLANG_ENABLE_OBJC_WEAK = YES;
				CLANG_WARN_BLOCK_CAPTURE_AUTORELEASING = YES;
				CLANG_WARN_BOOL_CONVERSION = YES;
				CLANG_WARN_COMMA = YES;
				CLANG_WARN_CONSTANT_CONVERSION = YES;
				CLANG_WARN_DEPRECATED_OBJC_IMPLEMENTATIONS = YES;
				CLANG_WARN_DIRECT_OBJC_ISA_USAGE = YES_ERROR;
				CLANG_WARN_DOCUMENTATION_COMMENTS = YES;
				CLANG_WARN_EMPTY_BODY = YES;
				CLANG_WARN_ENUM_CONVERSION = YES;
				CLANG_WARN_INFINITE_RECURSION = YES;
				CLANG_WARN_INT_CONVERSION = YES;
				CLANG_WARN_NON_LITERAL_NULL_CONVERSION = YES;
				CLANG_WARN_OBJC_IMPLICIT_RETAIN_SELF = YES;
				CLANG_WARN_OBJC_LITERAL_CONVERSION = YES;
				CLANG_WARN_OBJC_ROOT_CLASS = YES_ERROR;
				CLANG_WARN_QUOTED_INCLUDE_IN_FRAMEWORK_HEADER = YES;
				CLANG_WARN_RANGE_LOOP_ANALYSIS = YES;
				CLANG_WARN_STRICT_PROTOTYPES = YES;
				CLANG_WARN_SUSPICIOUS_MOVE = YES;
				CLANG_WARN_UNGUARDED_AVAILABILITY = YES_AGGRESSIVE;
				CLANG_WARN_UNREACHABLE_CODE = YES;
				CLANG_WARN__DUPLICATE_METHOD_MATCH = YES;
				COPY_PHASE_STRIP = NO;
				DEBUG_INFORMATION_FORMAT = dwarf;
				ENABLE_STRICT_OBJC_MSGSEND = YES;
				ENABLE_TESTABILITY = YES;
				GCC_C_LANGUAGE_STANDARD = gnu11;
				GCC_DYNAMIC_NO_PIC = NO;
				GCC_NO_COMMON_BLOCKS = YES;
				GCC_OPTIMIZATION_LEVEL = 0;
				GCC_PREPROCESSOR_DEFINITIONS = (
					"DEBUG=1",
					"$(inherited)",
				);
				GCC_WARN_64_TO_32_BIT_CONVERSION = YES;
				GCC_WARN_ABOUT_RETURN_TYPE = YES_ERROR;
				GCC_WARN_UNDECLARED_SELECTOR = YES;
				GCC_WARN_UNINITIALIZED_AUTOS = YES_AGGRESSIVE;
				GCC_WARN_UNUSED_FUNCTION = YES;
				GCC_WARN_UNUSED_VARIABLE = YES;
				MACOSX_DEPLOYMENT_TARGET = 10.10;
				MTL_ENABLE_DEBUG_INFO = INCLUDE_SOURCE;
				MTL_FAST_MATH = YES;
				ONLY_ACTIVE_ARCH = YES;
				SDKROOT = macosx;
				SWIFT_ACTIVE_COMPILATION_CONDITIONS = DEBUG;
				SWIFT_OPTIMIZATION_LEVEL = "-Onone";
			};
			name = Debug;
		};
		C7E1263227239F7E0000DB8B /* Release */ = {
			isa = XCBuildConfiguration;
			buildSettings = {
				ALWAYS_SEARCH_USER_PATHS = NO;
				CLANG_ANALYZER_NONNULL = YES;
				CLANG_ANALYZER_NUMBER_OBJECT_CONVERSION = YES_AGGRESSIVE;
				CLANG_CXX_LANGUAGE_STANDARD = "gnu++17";
				CLANG_CXX_LIBRARY = "libc++";
				CLANG_ENABLE_MODULES = YES;
				CLANG_ENABLE_OBJC_ARC = YES;
				CLANG_ENABLE_OBJC_WEAK = YES;
				CLANG_WARN_BLOCK_CAPTURE_AUTORELEASING = YES;
				CLANG_WARN_BOOL_CONVERSION = YES;
				CLANG_WARN_COMMA = YES;
				CLANG_WARN_CONSTANT_CONVERSION = YES;
				CLANG_WARN_DEPRECATED_OBJC_IMPLEMENTATIONS = YES;
				CLANG_WARN_DIRECT_OBJC_ISA_USAGE = YES_ERROR;
				CLANG_WARN_DOCUMENTATION_COMMENTS = YES;
				CLANG_WARN_EMPTY_BODY = YES;
				CLANG_WARN_ENUM_CONVERSION = YES;
				CLANG_WARN_INFINITE_RECURSION = YES;
				CLANG_WARN_INT_CONVERSION = YES;
				CLANG_WARN_NON_LITERAL_NULL_CONVERSION = YES;
				CLANG_WARN_OBJC_IMPLICIT_RETAIN_SELF = YES;
				CLANG_WARN_OBJC_LITERAL_CONVERSION = YES;
				CLANG_WARN_OBJC_ROOT_CLASS = YES_ERROR;
				CLANG_WARN_QUOTED_INCLUDE_IN_FRAMEWORK_HEADER = YES;
				CLANG_WARN_RANGE_LOOP_ANALYSIS = YES;
				CLANG_WARN_STRICT_PROTOTYPES = YES;
				CLANG_WARN_SUSPICIOUS_MOVE = YES;
				CLANG_WARN_UNGUARDED_AVAILABILITY = YES_AGGRESSIVE;
				CLANG_WARN_UNREACHABLE_CODE = YES;
				CLANG_WARN__DUPLICATE_METHOD_MATCH = YES;
				COPY_PHASE_STRIP = NO;
				DEBUG_INFORMATION_FORMAT = "dwarf-with-dsym";
				ENABLE_NS_ASSERTIONS = NO;
				ENABLE_STRICT_OBJC_MSGSEND = YES;
				GCC_C_LANGUAGE_STANDARD = gnu11;
				GCC_NO_COMMON_BLOCKS = YES;
				GCC_WARN_64_TO_32_BIT_CONVERSION = YES;
				GCC_WARN_ABOUT_RETURN_TYPE = YES_ERROR;
				GCC_WARN_UNDECLARED_SELECTOR = YES;
				GCC_WARN_UNINITIALIZED_AUTOS = YES_AGGRESSIVE;
				GCC_WARN_UNUSED_FUNCTION = YES;
				GCC_WARN_UNUSED_VARIABLE = YES;
				MACOSX_DEPLOYMENT_TARGET = 10.10;
				MTL_ENABLE_DEBUG_INFO = NO;
				MTL_FAST_MATH = YES;
				SDKROOT = macosx;
				SWIFT_COMPILATION_MODE = wholemodule;
				SWIFT_OPTIMIZATION_LEVEL = "-O";
			};
			name = Release;
		};
		C7E1263427239F7E0000DB8B /* Debug */ = {
			isa = XCBuildConfiguration;
			buildSettings = {
				CODE_SIGN_STYLE = Automatic;
				PRODUCT_NAME = "$(TARGET_NAME)";
				SWIFT_VERSION = 5.0;
			};
			name = Debug;
		};
		C7E1263527239F7E0000DB8B /* Release */ = {
			isa = XCBuildConfiguration;
			buildSettings = {
				CODE_SIGN_STYLE = Automatic;
				PRODUCT_NAME = "$(TARGET_NAME)";
				SWIFT_VERSION = 5.0;
			};
			name = Release;
		};
/* End XCBuildConfiguration section */

/* Begin XCConfigurationList section */
		3B8A288B2816C86600CF84C6 /* Build configuration list for PBXNativeTarget "RacingCarTest" */ = {
			isa = XCConfigurationList;
			buildConfigurations = (
				3B8A28892816C86600CF84C6 /* Debug */,
				3B8A288A2816C86600CF84C6 /* Release */,
			);
			defaultConfigurationIsVisible = 0;
			defaultConfigurationName = Release;
		};
		C7E1262727239F7E0000DB8B /* Build configuration list for PBXProject "RacingCar" */ = {
			isa = XCConfigurationList;
			buildConfigurations = (
				C7E1263127239F7E0000DB8B /* Debug */,
				C7E1263227239F7E0000DB8B /* Release */,
			);
			defaultConfigurationIsVisible = 0;
			defaultConfigurationName = Release;
		};
		C7E1263327239F7E0000DB8B /* Build configuration list for PBXNativeTarget "RacingCar" */ = {
			isa = XCConfigurationList;
			buildConfigurations = (
				C7E1263427239F7E0000DB8B /* Debug */,
				C7E1263527239F7E0000DB8B /* Release */,
			);
			defaultConfigurationIsVisible = 0;
			defaultConfigurationName = Release;
		};
/* End XCConfigurationList section */
	};
	rootObject = C7E1262427239F7E0000DB8B /* Project object */;
}
